<Solution>
  <Folder Name="/Solution Items/" />
  <Project Path="HL_C_Pro_01/HL_C_Pro_01.csproj" />
  <Project Path="HL_C_Pro_02/HL_C_Pro_02.csproj" Id="06d32656-e8a8-421c-b29d-0bfb0e953ce2" />
  <Project Path="HL_C_Pro_03/HL_C_Pro_03.csproj" Id="97b33256-0931-42f7-a13d-c1ed14e0e98c" />
  <Project Path="HL_C_Pro_04/HL_C_Pro_04.csproj" Id="10b6f96c-bdd3-437b-8726-2b699d924405" />
  <Project Path="HL_C_Pro_05/HL_C_Pro_05.csproj" Id="6a09361c-ee72-418d-8172-6d7a059efcf6" />
  <Project Path="HL_C_Pro_06/HL_C_Pro_06.csproj" Id="03b8612d-a5b4-44a4-bc70-e0e4f1740325" />
  <Project Path="HL_C_Pro_07/HL_C_Pro_07.csproj" />
  <Project Path="HL_C_Pro_09/HL_C_Pro_09.csproj" Id="09c50ddc-9403-476a-bdc9-c11ec4b1df6a" />
  <Project Path="HL_C_Pro_10/HL_C_Pro_10.csproj" />
</Solution>
