<Solution>
  <Folder Name="/Solution Items/" />
  <Project Path="HL_C_Pro_01/HL_C_Pro_01.csproj" />
  <Project Path="HL_C_Pro_02/HL_C_Pro_02.csproj" Id="06d32656-e8a8-421c-b29d-0bfb0e953ce2" />
  <Project Path="HL_C_Pro_03/HL_C_Pro_03.csproj" Id="97b33256-0931-42f7-a13d-c1ed14e0e98c" />
  <Project Path="HL_C_Pro_04/HL_C_Pro_04.csproj" Id="10b6f96c-bdd3-437b-8726-2b699d924405" />
</Solution>
